
Microsoft Visual Studio Solution File, Format Version 12.00
# Visual Studio Version 17
VisualStudioVersion = 17.12.35527.113
MinimumVisualStudioVersion = 10.0.40219.1
Project("{FAE04EC0-301F-11D3-BF4B-00C04F79EFBC}") = "HospitalManagement.API", "HospitalManagement.API\HospitalManagement.API.csproj", "{2A0B828C-4AAA-45DC-A27C-AF4801881E90}"
EndProject
Project("{FAE04EC0-301F-11D3-BF4B-00C04F79EFBC}") = "HospitalManagement.Tests", "..\Tests\HospitalManagement.Tests\HospitalManagement.Tests.csproj", "{C634FCE9-C02C-47FA-BA8B-0C9966C92B47}"
EndProject
Global
	GlobalSection(SolutionConfigurationPlatforms) = preSolution
		Debug|Any CPU = Debug|Any CPU
		Release|Any CPU = Release|Any CPU
	EndGlobalSection
	GlobalSection(ProjectConfigurationPlatforms) = postSolution
		{2A0B828C-4AAA-45DC-A27C-AF4801881E90}.Debug|Any CPU.ActiveCfg = Debug|Any CPU
		{2A0B828C-4AAA-45DC-A27C-AF4801881E90}.Debug|Any CPU.Build.0 = Debug|Any CPU
		{2A0B828C-4AAA-45DC-A27C-AF4801881E90}.Release|Any CPU.ActiveCfg = Release|Any CPU
		{2A0B828C-4AAA-45DC-A27C-AF4801881E90}.Release|Any CPU.Build.0 = Release|Any CPU
		{C634FCE9-C02C-47FA-BA8B-0C9966C92B47}.Debug|Any CPU.ActiveCfg = Debug|Any CPU
		{C634FCE9-C02C-47FA-BA8B-0C9966C92B47}.Debug|Any CPU.Build.0 = Debug|Any CPU
		{C634FCE9-C02C-47FA-BA8B-0C9966C92B47}.Release|Any CPU.ActiveCfg = Release|Any CPU
		{C634FCE9-C02C-47FA-BA8B-0C9966C92B47}.Release|Any CPU.Build.0 = Release|Any CPU
	EndGlobalSection
	GlobalSection(SolutionProperties) = preSolution
		HideSolutionNode = FALSE
	EndGlobalSection
EndGlobal
